github.com/BurntSushi/toml v0.3.1 h1:WXkYYl6Yr3qBf1K79EBnL4mak0OimBfB0XUf9Vl28OQ=
github.com/BurntSushi/toml v0.3.1/go.mod h1:xHWCNGjB5oqiDr8zfno3MHue2Ht5sIBksp03qcyfWMU=
github.com/aws/aws-sdk-go v1.15.78 h1:LaXy6lWR0YK7LKyuU0QWy2ws/LWTPfYV/UgfiBu4tvY=
github.com/aws/aws-sdk-go v1.15.78/go.mod h1:E3/ieXAlvM0XWO57iftYVDLLvQ824smPP3ATZkfNZeM=
github.com/bgentry/go-netrc v0.0.0-20140422174119-9fd32a8b3d3d h1:xDfNPAt8lFiC1UJrqV3uuy861HCTo708pDMbjHHdCas=
github.com/bgentry/go-netrc v0.0.0-20140422174119-9fd32a8b3d3d/go.mod h1:6QX/PXZ00z/TKoufEY6K/a0k6AhaJrQKdFe6OfVXsa4=
github.com/cheggaaa/pb v1.0.27/go.mod h1:pQciLPpbU0oxA0h+VJYYLxO+XeDQb5pZijXscXHm81s=
github.com/coreos/etcd v3.3.12+incompatible h1:pAWNwdf7QiT1zfaWyqCtNZQWCLByQyA3JrSQyuYAqnQ=
github.com/coreos/etcd v3.3.12+incompatible/go.mod h1:uF7uidLiAD3TWHmW31ZFd/JWoc32PjwdhPthX9715RE=
github.com/davecgh/go-spew v1.1.0/go.mod h1:J7Y8YcW2NihsgmVo/mv3lAwl/skON4iLHjSsI+c5H38=
github.com/davecgh/go-spew v1.1.1/go.mod h1:J7Y8YcW2NihsgmVo/mv3lAwl/skON4iLHjSsI+c5H38=
github.com/fatih/color v1.7.0/go.mod h1:Zm6kSWBoL9eyXnKyktHP6abPY2pDugNf5KwzbycvMj4=
github.com/go-sql-driver/mysql v1.4.1 h1:g24URVg0OFbNUTx9qqY1IRZ9D9z3iPyi5zKhQZpNwpA=
github.com/go-sql-driver/mysql v1.4.1/go.mod h1:zAC/RDZ24gD3HViQzih4MyKcchzm+sOG5ZlKdlhCg5w=
github.com/gogo/protobuf v1.2.1 h1:/s5zKNz0uPFCZ5hddgPdo2TK2TVrUNMn0OOX8/aZMTE=
github.com/gogo/protobuf v1.2.1/go.mod h1:hp+jE20tsWTFYpLwKvXlhS1hjn+gTNwPg2I6zVXpSg4=
github.com/golang/glog v0.0.0-20160126235308-23def4e6c14b/go.mod h1:SBH7ygxi8pfUlaOkMMuAQtPIUF8ecWP5IEl/CR7VP2Q=
github.com/golang/protobuf v1.2.0 h1:P3YflyNX/ehuJFLhxviNdFxQPkGK5cDcApsge1SqnvM=
github.com/golang/protobuf v1.2.0/go.mod h1:6lQm79b+lXiMfvg/cZm0SGofjICqVBUtrP5yJMmIC1U=
github.com/hashicorp/go-cleanhttp v0.5.0 h1:wvCrVc9TjDls6+YGAF2hAifE1E5U1+b4tH6KdvN3Gig=
github.com/hashicorp/go-cleanhttp v0.5.0/go.mod h1:JpRdi6/HCYpAwUzNwuwqhbovhLtngrth3wmdIIUrZ80=
github.com/hashicorp/go-getter v1.1.0 h1:iGVeg7L4V5FTFV3D6w+1NAyvth7BIWWSzD60pWloe2Q=
github.com/hashicorp/go-getter v1.1.0/go.mod h1:q+PoBhh16brIKwJS9kt18jEtXHTg2EGkmrA9P7HVS+U=
github.com/hashicorp/go-hclog v0.0.0-20180709165350-ff2cf002a8dd h1:rNuUHR+CvK1IS89MMtcF0EpcVMZtjKfPRp4MEmt/aTs=
github.com/hashicorp/go-hclog v0.0.0-20180709165350-ff2cf002a8dd/go.mod h1:9bjs9uLqI8l75knNv3lV1kA55veR+WUPSiKIWcQHudI=
github.com/hashicorp/go-plugin v0.0.0-20190220160451-3f118e8ee104 h1:9iQ/zrTOJqzP+kH37s6xNb6T1RysiT7fnDD3DJbspVw=
github.com/hashicorp/go-plugin v0.0.0-20190220160451-3f118e8ee104/go.mod h1:++UyYGoz3o5w9ZzAdZxtQKrWWP+iqPBn3cQptSMzBuY=
github.com/hashicorp/go-safetemp v1.0.0 h1:2HR189eFNrjHQyENnQMMpCiBAsRxzbTMIgBhEyExpmo=
github.com/hashicorp/go-safetemp v1.0.0/go.mod h1:oaerMy3BhqiTbVye6QuFhFtIceqFoDHxNAB65b+Rj1I=
github.com/hashicorp/go-version v1.1.0 h1:bPIoEKD27tNdebFGGxxYwcL4nepeY4j1QP23PFRGzg0=
github.com/hashicorp/go-version v1.1.0/go.mod h1:fltr4n8CU8Ke44wwGCBoEymUuxUHl09ZGVZPK5anwXA=
github.com/hashicorp/yamux v0.0.0-20180604194846-3520598351bb h1:b5rjCoWHc7eqmAS4/qyk21ZsHyb6Mxv/jykxvNTkU4M=
github.com/hashicorp/yamux v0.0.0-20180604194846-3520598351bb/go.mod h1:+NfK9FKeTrX5uv1uIXGdwYDTeHna2qgaIlx54MXqjAM=
github.com/jmespath/go-jmespath v0.0.0-20160202185014-0b12d6b521d8 h1:12VvqtR6Aowv3l/EQUlocDHW2Cp4G9WJVH7uyH8QFJE=
github.com/jmespath/go-jmespath v0.0.0-20160202185014-0b12d6b521d8/go.mod h1:Nht3zPeWKUH0NzdCt2Blrr5ys8VGpn0CEB0cQHVjt7k=
github.com/json-iterator/go v1.1.5 h1:gL2yXlmiIo4+t+y32d4WGwOjKGYcGOuyrg46vadswDE=
github.com/json-iterator/go v1.1.5/go.mod h1:+SdeFBvtyEkXs7REEP0seUULqWtbJapLOCVDaaPEHmU=
github.com/juju/errors v0.0.0-20190207033735-e65537c515d7 h1:dMIPRDg6gi7CUp0Kj2+HxqJ5kTr1iAdzsXYIrLCNSmU=
github.com/juju/errors v0.0.0-20190207033735-e65537c515d7/go.mod h1:W54LbzXuIE0boCoNJfwqpmkKJ1O4TCTZMetAt6jGk7Q=
github.com/kisielk/errcheck v1.1.0/go.mod h1:EZBBE59ingxPouuu3KfxchcWSUPOHkagtvWXihfKN4Q=
github.com/kisielk/gotool v1.0.0/go.mod h1:XhKaO+MFFWcvkIS/tQcRk01m1F5IRFswLeQ+oQHNcck=
github.com/konsorten/go-windows-terminal-sequences v1.0.1/go.mod h1:T0+1ngSBFLxvqU3pZ+m/2kptfBszLMUkC4ZK/EgS/cQ=
github.com/mattn/go-colorable v0.0.9/go.mod h1:9vuHe8Xs5qXnSaW/c/ABM9alt+Vo+STaOChaDxuIBZU=
github.com/mattn/go-isatty v0.0.4/go.mod h1:M+lRXTBqGeGNdLjl/ufCoiOlB5xdOkqRJdNxMWT7Zi4=
github.com/mattn/go-runewidth v0.0.4/go.mod h1:LwmH8dsx7+W8Uxz3IHJYH5QSwggIsqBzpuz5H//U1FU=
github.com/mitchellh/go-homedir v1.0.0 h1:vKb8ShqSby24Yrqr/yDYkuFz8d0WUjys40rvnGC8aR0=
github.com/mitchellh/go-homedir v1.0.0/go.mod h1:SfyaCUpYCn1Vlf4IUYiD9fPX4A5wJrkLzIz1N1q0pr0=
github.com/mitchellh/go-testing-interface v0.0.0-20171004221916-a61a99592b77 h1:7GoSOOW2jpsfkntVKaS2rAr1TJqfcxotyaUcuxoZSzg=
github.com/mitchellh/go-testing-interface v0.0.0-20171004221916-a61a99592b77/go.mod h1:kRemZodwjscx+RGhAo8eIhFbs2+BFgRtFPeD/KE+zxI=
github.com/mitchellh/go-testing-interface v1.0.0 h1:fzU/JVNcaqHQEcVFAKeR41fkiLdIPrefOvVG1VZ96U0=
github.com/mitchellh/go-testing-interface v1.0.0/go.mod h1:kRemZodwjscx+RGhAo8eIhFbs2+BFgRtFPeD/KE+zxI=
github.com/modern-go/concurrent v0.0.0-20180306012644-bacd9c7ef1dd h1:TRLaZ9cD/w8PVh93nsPXa1VrQ6jlwL5oN8l14QlcNfg=
github.com/modern-go/concurrent v0.0.0-20180306012644-bacd9c7ef1dd/go.mod h1:6dJC0mAP4ikYIbvyc7fijjWJddQyLn8Ig3JB5CqoB9Q=
github.com/modern-go/reflect2 v1.0.1 h1:9f412s+6RmYXLWZSEzVVgPGK7C2PphHj5RJrvfx9AWI=
github.com/modern-go/reflect2 v1.0.1/go.mod h1:bx2lNnkwVCuqBIxFjflWJWanXIb3RllmbCylyMrvgv0=
github.com/moiot/gravity v0.9.21 h1:J+YSn7mmEF/6gkNlSNNAWObicb92NFFQ7evbbVXUF64=
github.com/moiot/gravity v0.9.21/go.mod h1:Z81nikoPMjetoJfsY1lKbSEhTM63Hl93yYWjXlfEE3g=
github.com/moiot/gravity v0.9.22-0.20190226031938-b26cbc1edbb5 h1:CqEOKQHdc5JQNZLfpWL9GkKjrZ7Gy6e/PLsqUp3CnYI=
github.com/moiot/gravity v0.9.22-0.20190226031938-b26cbc1edbb5/go.mod h1:Z81nikoPMjetoJfsY1lKbSEhTM63Hl93yYWjXlfEE3g=
github.com/oklog/run v1.0.0 h1:Ru7dDtJNOyC66gQ5dQmaCa0qIsAUFY3sFpK1Xk8igrw=
github.com/oklog/run v1.0.0/go.mod h1:dlhp/R75TPv97u0XWUtDeV/lRKWPKSdTuV0TZvrmrQA=
github.com/pingcap/errors v0.11.0 h1:DCJQB8jrHbQ1VVlMFIrbj2ApScNNotVmkSNplu2yUt4=
github.com/pingcap/errors v0.11.0/go.mod h1:Oi8TUi2kEtXXLMJk9l1cGmz20kV3TaQ0usTwv5KuLY8=
github.com/pingcap/parser v0.0.0-20190225125525-01444ee2a9c2 h1:6M8bHGK2DLJBq4LfN7NNVOBhW2CvXHquyUVOuwjlZrY=
github.com/pingcap/parser v0.0.0-20190225125525-01444ee2a9c2/go.mod h1:1FNvfp9+J0wvc4kl8eGNh7Rqrxveg15jJoWo/a0uHwA=
github.com/pingcap/tipb v0.0.0-20190221054254-aa146c1ab9bb h1:18QAp9TOCjAGyYVGtET68V5a1TPQ2Va9YEf1/zhFU/A=
github.com/pingcap/tipb v0.0.0-20190221054254-aa146c1ab9bb/go.mod h1:RtkHW8WbcNxj8lsbzjaILci01CtYnYbIkQhjyZWrWVI=
github.com/pmezard/go-difflib v1.0.0/go.mod h1:iKH77koFhYxTK1pcRnkKkqfTogsbg7gZNVY4sRDYZ/4=
github.com/satori/go.uuid v1.2.0 h1:0uYX9dsZ2yD7q2RtLRtPSdGDWzjeM3TbMJP9utgA0ww=
github.com/satori/go.uuid v1.2.0/go.mod h1:dA0hQrYB0VpLJoorglMZABFdXlWrHn1NEOzdhQKdks0=
github.com/serialx/hashring v0.0.0-20180504054112-49a4782e9908 h1:RRpyb4kheanCQVyYfOhkZoD/cwClvn12RzHex2ZmHxw=
github.com/serialx/hashring v0.0.0-20180504054112-49a4782e9908/go.mod h1:/yeG0My1xr/u+HZrFQ1tOQQQQrOawfyMUH13ai5brBc=
github.com/shopspring/decimal v0.0.0-20180709203117-cd690d0c9e24 h1:pntxY8Ary0t43dCZ5dqY4YTJCObLY1kIXl0uzMv+7DE=
github.com/shopspring/decimal v0.0.0-20180709203117-cd690d0c9e24/go.mod h1:M+9NzErvs504Cn4c5DxATwIqPbtswREoFCre64PpcG4=
github.com/siddontang/go v0.0.0-20180604090527-bdc77568d726 h1:xT+JlYxNGqyT+XcU8iUrN18JYed2TvG9yN5ULG2jATM=
github.com/siddontang/go v0.0.0-20180604090527-bdc77568d726/go.mod h1:3yhqj7WBBfRhbBlzyOC3gUxftwsU0u8gqevxwIHQpMw=
github.com/siddontang/go-log v0.0.0-20180807004314-8d05993dda07 h1:oI+RNwuC9jF2g2lP0u0cVEEZrc/AYBCuFdvwrLWM/6Q=
github.com/siddontang/go-log v0.0.0-20180807004314-8d05993dda07/go.mod h1:yFdBgwXP24JziuRl2NMUahT7nGLNOKi1SIiFxMttVD4=
github.com/siddontang/go-mysql v0.0.0-20190224120211-58596aa17f1e h1:zwsSL92865l/H4rwAo7s/y5XcTyQsExe+bYmdw9J4U8=
github.com/siddontang/go-mysql v0.0.0-20190224120211-58596aa17f1e/go.mod h1:/b8ZcWjAShCcHp2dWpjb1vTlNyiG03UeHEQr2jteOpI=
github.com/sirupsen/logrus v1.3.0 h1:hI/7Q+DtNZ2kINb6qt/lS+IyXnHQe9e90POfeewL/ME=
github.com/sirupsen/logrus v1.3.0/go.mod h1:LxeOpSwHxABJmUn/MG1IvRgCAasNZTLOkJPxbbu5VWo=
github.com/stretchr/objx v0.1.0/go.mod h1:HFkY916IF+rwdDfMAkV7OtwuqBVzrE8GR6GFx+wExME=
github.com/stretchr/objx v0.1.1/go.mod h1:HFkY916IF+rwdDfMAkV7OtwuqBVzrE8GR6GFx+wExME=
github.com/stretchr/testify v1.2.2/go.mod h1:a8OnRcib4nhh0OaRAV+Yts87kKdq0PP7pXfy6kDkUVs=
github.com/stretchr/testify v1.3.0/go.mod h1:M5WIy9Dh21IEIfnGCwXGc5bZfKNJtfHm1UVUgZn+9EI=
github.com/ulikunitz/xz v0.5.5 h1:pFrO0lVpTBXLpYw+pnLj6TbvHuyjXMfjGeCwSqCVwok=
github.com/ulikunitz/xz v0.5.5/go.mod h1:2bypXElzHzzJZwzH67Y6wb67pO62Rzfn7BSiF4ABRW8=
golang.org/x/crypto v0.0.0-20180904163835-0709b304e793 h1:u+LnwYTOOW7Ukr/fppxEb1Nwz0AtPflrblfvUudpo+I=
golang.org/x/crypto v0.0.0-20180904163835-0709b304e793/go.mod h1:6SG95UA2DQfeDnfUPMdvaQW0Q7yPrPDi9nlGo2tz2b4=
golang.org/x/net v0.0.0-20180826012351-8a410e7b638d h1:g9qWBGx4puODJTMVyoPrpoxPFgVGd+z1DZwjfRu4d0I=
golang.org/x/net v0.0.0-20180826012351-8a410e7b638d/go.mod h1:mL1N/T3taQHkDXs73rZJwtUhF3w3ftmwwsq0BUmARs4=
golang.org/x/net v0.0.0-20181114220301-adae6a3d119a h1:gOpx8G595UYyvj8UK4+OFyY4rx037g3fmfhe5SasG3U=
golang.org/x/net v0.0.0-20181114220301-adae6a3d119a/go.mod h1:mL1N/T3taQHkDXs73rZJwtUhF3w3ftmwwsq0BUmARs4=
golang.org/x/sync v0.0.0-20181221193216-37e7f081c4d4/go.mod h1:RxMgew5VJxzue5/jJTE5uejpjVlOe/izrB70Jof72aM=
golang.org/x/sys v0.0.0-20180905080454-ebe1bf3edb33/go.mod h1:STP8DvDyc/dI5b8T5hshtkjS+E42TnysNCUPdjciGhY=
golang.org/x/sys v0.0.0-20181213200352-4d1cda033e06/go.mod h1:STP8DvDyc/dI5b8T5hshtkjS+E42TnysNCUPdjciGhY=
golang.org/x/sys v0.0.0-20190129075346-302c3dd5f1cc h1:WiYx1rIFmx8c0mXAFtv5D/mHyKe1+jmuP7PViuwqwuQ=
golang.org/x/sys v0.0.0-20190129075346-302c3dd5f1cc/go.mod h1:STP8DvDyc/dI5b8T5hshtkjS+E42TnysNCUPdjciGhY=
golang.org/x/text v0.3.0 h1:g61tztE5qeGQ89tm6NTjjM9VPIm088od1l6aSorWRWg=
golang.org/x/text v0.3.0/go.mod h1:NqM8EUOU14njkJ3fqMW+pc6Ldnwhi/IjpwHt7yyuwOQ=
golang.org/x/tools v0.0.0-20180221164845-07fd8470d635/go.mod h1:n7NCudcB/nEzxVGmLbDWY5pfWTLqBcC2KZ6jyYvM4mQ=
google.golang.org/genproto v0.0.0-20180817151627-c66870c02cf8 h1:Nw54tB0rB7hY/N0NQvRW8DG4Yk3Q6T9cu9RcFQDu1tc=
google.golang.org/genproto v0.0.0-20180817151627-c66870c02cf8/go.mod h1:JiN7NxoALGmiZfu7CAH4rXhgtRTLTxftemlI0sWmxmc=
google.golang.org/grpc v1.14.0 h1:ArxJuB1NWfPY6r9Gp9gqwplT0Ge7nqv9msgu03lHLmo=
google.golang.org/grpc v1.14.0/go.mod h1:yo6s7OP7yaDglbqo1J04qKzAhqBH6lvTonzMVmEdcZw=
gopkg.in/cheggaaa/pb.v1 v1.0.27/go.mod h1:V/YB90LKu/1FcN3WVnfiiE5oMCibMjukxqG/qStrOgw=
gopkg.in/mgo.v2 v2.0.0-20180705113604-9856a29383ce h1:xcEWjVhvbDy+nHP67nPDDpbYrY+ILlfndk4bRioVHaU=
gopkg.in/mgo.v2 v2.0.0-20180705113604-9856a29383ce/go.mod h1:yeKp02qBN3iKW1OzL3MGk2IdtZzaj7SFntXj72NppTA=
gopkg.in/natefinch/lumberjack.v2 v2.0.0 h1:1Lc07Kr7qY4U2YPouBjpCLxpiyxIVoxqXgkXLknAOE8=
gopkg.in/natefinch/lumberjack.v2 v2.0.0/go.mod h1:l0ndWWf7gzL7RNwBG7wST/UCcT4T24xpD6X8LsfU/+k=
